
Microsoft Visual Studio Solution File, Format Version 12.00
# Visual Studio Express 2012 for Windows Desktop
Project("{8BC9CEB8-8B4A-11D0-8D11-00A0C91BC942}") = "laba2", "laba2\laba2.vcxproj", "{C53E151A-6ACD-45FD-A98F-2AD14647C000}"
EndProject
Global
	GlobalSection(SolutionConfigurationPlatforms) = preSolution
		Debug|Win32 = Debug|Win32
		Release|Win32 = Release|Win32
	EndGlobalSection
	GlobalSection(ProjectConfigurationPlatforms) = postSolution
		{C53E151A-6ACD-45FD-A98F-2AD14647C000}.Debug|Win32.ActiveCfg = Debug|Win32
		{C53E151A-6ACD-45FD-A98F-2AD14647C000}.Debug|Win32.Build.0 = Debug|Win32
		{C53E151A-6ACD-45FD-A98F-2AD14647C000}.Release|Win32.ActiveCfg = Release|Win32
		{C53E151A-6ACD-45FD-A98F-2AD14647C000}.Release|Win32.Build.0 = Release|Win32
	EndGlobalSection
	GlobalSection(SolutionProperties) = preSolution
		HideSolutionNode = FALSE
	EndGlobalSection
EndGlobal
